
Microsoft Visual Studio Solution File, Format Version 11.00
# Visual C++ Express 2010
Project("{8BC9CEB8-8B4A-11D0-8D11-00A0C91BC942}") = "LogicCircuit", "LogicCircuit.vcxproj", "{EAEB5D14-FE23-DADA-C2AC-22CCCD1C6B95}"
EndProject
Global
	GlobalSection(SolutionConfigurationPlatforms) = preSolution
		Debug|Win32 = Debug|Win32
		Release|Win32 = Release|Win32
	EndGlobalSection
	GlobalSection(ProjectConfigurationPlatforms) = postSolution
		{EAEB5D14-FE23-DADA-C2AC-22CCCD1C6B95}.Debug|Win32.ActiveCfg = Debug|Win32
		{EAEB5D14-FE23-DADA-C2AC-22CCCD1C6B95}.Debug|Win32.Build.0 = Debug|Win32
		{EAEB5D14-FE23-DADA-C2AC-22CCCD1C6B95}.Release|Win32.ActiveCfg = Release|Win32
		{EAEB5D14-FE23-DADA-C2AC-22CCCD1C6B95}.Release|Win32.Build.0 = Release|Win32
	EndGlobalSection
	GlobalSection(SolutionProperties) = preSolution
		HideSolutionNode = FALSE
	EndGlobalSection
EndGlobal
